
Microsoft Visual Studio Solution File, Format Version 12.00
# Visual Studio Version 17
VisualStudioVersion = 17.3.32811.315
MinimumVisualStudioVersion = 10.0.40219.1
Project("{FAE04EC0-301F-11D3-BF4B-00C04F79EFBC}") = "_Scheduler", "_Scheduler.csproj", "{28D28CE3-EDC4-4A5C-A53B-227D76637EDA}"
EndProject
Global
	GlobalSection(SolutionConfigurationPlatforms) = preSolution
		Debug|Any CPU = Debug|Any CPU
		Release|Any CPU = Release|Any CPU
	EndGlobalSection
	GlobalSection(ProjectConfigurationPlatforms) = postSolution
		{28D28CE3-EDC4-4A5C-A53B-227D76637EDA}.Debug|Any CPU.ActiveCfg = Debug|Any CPU
		{28D28CE3-EDC4-4A5C-A53B-227D76637EDA}.Debug|Any CPU.Build.0 = Debug|Any CPU
		{28D28CE3-EDC4-4A5C-A53B-227D76637EDA}.Release|Any CPU.ActiveCfg = Release|Any CPU
		{28D28CE3-EDC4-4A5C-A53B-227D76637EDA}.Release|Any CPU.Build.0 = Release|Any CPU
	EndGlobalSection
	GlobalSection(SolutionProperties) = preSolution
		HideSolutionNode = FALSE
	EndGlobalSection
	GlobalSection(ExtensibilityGlobals) = postSolution
		SolutionGuid = {37C8316E-B4B2-4178-B6C3-14890DFBF51D}
	EndGlobalSection
EndGlobal
